// !$*UTF8*$!
{
	archiveVersion = 1;
	classes = {
	};
	objectVersion = 56;
	objects = {

/* Begin PBXBuildFile section */
		AA00000000000001 /* CodeBreakerApp.swift in Sources */ = {isa = PBXBuildFile; fileRef = BB00000000000001 /* CodeBreakerApp.swift */; };
		AA00000000000002 /* Models.swift in Sources */ = {isa = PBXBuildFile; fileRef = BB00000000000002 /* Models.swift */; };
		AA00000000000003 /* Theme.swift in Sources */ = {isa = PBXBuildFile; fileRef = BB00000000000003 /* Theme.swift */; };
		AA00000000000004 /* GameViewModel.swift in Sources */ = {isa = PBXBuildFile; fileRef = BB00000000000004 /* GameViewModel.swift */; };
		AA00000000000005 /* HomeView.swift in Sources */ = {isa = PBXBuildFile; fileRef = BB00000000000005 /* HomeView.swift */; };
		AA00000000000006 /* GameView.swift in Sources */ = {isa = PBXBuildFile; fileRef = BB00000000000006 /* GameView.swift */; };
		AA00000000000007 /* LevelSelectView.swift in Sources */ = {isa = PBXBuildFile; fileRef = BB00000000000007 /* LevelSelectView.swift */; };
		AA00000000000008 /* SoundManager.swift in Sources */ = {isa = PBXBuildFile; fileRef = BB00000000000008 /* SoundManager.swift */; };
		AA00000000000009 /* Assets.xcassets in Resources */ = {isa = PBXBuildFile; fileRef = BB00000000000009 /* Assets.xcassets */; };
		AA0000000000000A /* SettingsView.swift in Sources */ = {isa = PBXBuildFile; fileRef = BB0000000000000A /* SettingsView.swift */; };
		AA0000000000000B /* DailyChallengeView.swift in Sources */ = {isa = PBXBuildFile; fileRef = BB0000000000000B /* DailyChallengeView.swift */; };
		AA0000000000000C /* SplashView.swift in Sources */ = {isa = PBXBuildFile; fileRef = BB0000000000000C /* SplashView.swift */; };
		AA0000000000000D /* ThemePicker.swift in Sources */ = {isa = PBXBuildFile; fileRef = BB0000000000000D /* ThemePicker.swift */; };
		AA0000000000000E /* LevelEditorView.swift in Sources */ = {isa = PBXBuildFile; fileRef = BB0000000000000E /* LevelEditorView.swift */; };
		AA0000000000000F /* LieModeView.swift in Sources */ = {isa = PBXBuildFile; fileRef = BB0000000000000F /* LieModeView.swift */; };
		AA00000000000010 /* LieLevelSelectView.swift in Sources */ = {isa = PBXBuildFile; fileRef = BB00000000000010 /* LieLevelSelectView.swift */; };
		AA00000000000011 /* L10n.swift in Sources */ = {isa = PBXBuildFile; fileRef = BB00000000000011 /* L10n.swift */; };
		AA00000000000012 /* Localizable.strings in Resources */ = {isa = PBXBuildFile; fileRef = BB00000000000012 /* Localizable.strings */; };
		AA00000000000014 /* TutorialView.swift in Sources */ = {isa = PBXBuildFile; fileRef = BB00000000000014 /* TutorialView.swift */; };
		AA00000000000015 /* StoreManager.swift in Sources */ = {isa = PBXBuildFile; fileRef = BB00000000000015 /* StoreManager.swift */; };
		AA00000000000016 /* StoreView.swift in Sources */ = {isa = PBXBuildFile; fileRef = BB00000000000016 /* StoreView.swift */; };
		AAUI000000000001 /* CodeBreakerUITests.swift in Sources */ = {isa = PBXBuildFile; fileRef = BBUI000000000001 /* CodeBreakerUITests.swift */; };
/* End PBXBuildFile section */

/* Begin PBXContainerItemProxy section */
		PPUI000000000001 /* PBXContainerItemProxy */ = {
			isa = PBXContainerItemProxy;
			containerPortal = 1200000000000001 /* Project object */;
			proxyType = 1;
			remoteGlobalIDString = FF00000000000001;
			remoteInfo = CodeBreaker;
		};
/* End PBXContainerItemProxy section */

/* Begin PBXFileReference section */
		30E8FA372FD3D66300640EFF /* Products.storekit */ = {isa = PBXFileReference; lastKnownFileType = text; name = Products.storekit; path = CodeBreaker/Products.storekit; sourceTree = "<group>"; };
		BB00000000000001 /* CodeBreakerApp.swift */ = {isa = PBXFileReference; lastKnownFileType = sourcecode.swift; path = CodeBreakerApp.swift; sourceTree = "<group>"; };
		BB00000000000002 /* Models.swift */ = {isa = PBXFileReference; lastKnownFileType = sourcecode.swift; path = Models.swift; sourceTree = "<group>"; };
		BB00000000000003 /* Theme.swift */ = {isa = PBXFileReference; lastKnownFileType = sourcecode.swift; path = Theme.swift; sourceTree = "<group>"; };
		BB00000000000004 /* GameViewModel.swift */ = {isa = PBXFileReference; lastKnownFileType = sourcecode.swift; path = GameViewModel.swift; sourceTree = "<group>"; };
		BB00000000000005 /* HomeView.swift */ = {isa = PBXFileReference; lastKnownFileType = sourcecode.swift; path = HomeView.swift; sourceTree = "<group>"; };
		BB00000000000006 /* GameView.swift */ = {isa = PBXFileReference; lastKnownFileType = sourcecode.swift; path = GameView.swift; sourceTree = "<group>"; };
		BB00000000000007 /* LevelSelectView.swift */ = {isa = PBXFileReference; lastKnownFileType = sourcecode.swift; path = LevelSelectView.swift; sourceTree = "<group>"; };
		BB00000000000008 /* SoundManager.swift */ = {isa = PBXFileReference; lastKnownFileType = sourcecode.swift; path = SoundManager.swift; sourceTree = "<group>"; };
		BB00000000000009 /* Assets.xcassets */ = {isa = PBXFileReference; lastKnownFileType = folder.assetcatalog; path = Assets.xcassets; sourceTree = "<group>"; };
		BB0000000000000A /* SettingsView.swift */ = {isa = PBXFileReference; lastKnownFileType = sourcecode.swift; path = SettingsView.swift; sourceTree = "<group>"; };
		BB0000000000000B /* DailyChallengeView.swift */ = {isa = PBXFileReference; lastKnownFileType = sourcecode.swift; path = DailyChallengeView.swift; sourceTree = "<group>"; };
		BB0000000000000C /* SplashView.swift */ = {isa = PBXFileReference; lastKnownFileType = sourcecode.swift; path = SplashView.swift; sourceTree = "<group>"; };
		BB0000000000000D /* ThemePicker.swift */ = {isa = PBXFileReference; lastKnownFileType = sourcecode.swift; path = ThemePicker.swift; sourceTree = "<group>"; };
		BB0000000000000E /* LevelEditorView.swift */ = {isa = PBXFileReference; lastKnownFileType = sourcecode.swift; path = LevelEditorView.swift; sourceTree = "<group>"; };
		BB0000000000000F /* LieModeView.swift */ = {isa = PBXFileReference; lastKnownFileType = sourcecode.swift; path = LieModeView.swift; sourceTree = "<group>"; };
		BB00000000000010 /* LieLevelSelectView.swift */ = {isa = PBXFileReference; lastKnownFileType = sourcecode.swift; path = LieLevelSelectView.swift; sourceTree = "<group>"; };
		BB00000000000011 /* L10n.swift */ = {isa = PBXFileReference; lastKnownFileType = sourcecode.swift; path = L10n.swift; sourceTree = "<group>"; };
		BB00000000000012 /* Localizable.strings */ = {isa = PBXFileReference; lastKnownFileType = text.plist.strings; name = Localizable.strings; path = en.lproj/Localizable.strings; sourceTree = "<group>"; };
		BB00000000000014 /* TutorialView.swift */ = {isa = PBXFileReference; lastKnownFileType = sourcecode.swift; path = TutorialView.swift; sourceTree = "<group>"; };
		BB00000000000015 /* StoreManager.swift */ = {isa = PBXFileReference; lastKnownFileType = sourcecode.swift; path = StoreManager.swift; sourceTree = "<group>"; };
		BB00000000000016 /* StoreView.swift */ = {isa = PBXFileReference; lastKnownFileType = sourcecode.swift; path = StoreView.swift; sourceTree = "<group>"; };
		BBUI000000000001 /* CodeBreakerUITests.swift */ = {isa = PBXFileReference; lastKnownFileType = sourcecode.swift; path = CodeBreakerUITests.swift; sourceTree = "<group>"; };
		CC00000000000001 /* CodeBreaker.app */ = {isa = PBXFileReference; explicitFileType = wrapper.application; includeInIndex = 0; path = CodeBreaker.app; sourceTree = BUILT_PRODUCTS_DIR; };
		CCUI000000000001 /* CodeBreakerUITests.xctest */ = {isa = PBXFileReference; explicitFileType = wrapper.cfbundle; includeInIndex = 0; path = CodeBreakerUITests.xctest; sourceTree = BUILT_PRODUCTS_DIR; };
/* End PBXFileReference section */

/* Begin PBXFrameworksBuildPhase section */
		DD00000000000003 /* Frameworks */ = {
			isa = PBXFrameworksBuildPhase;
			buildActionMask = 2147483647;
			files = (
			);
			runOnlyForDeploymentPostprocessing = 0;
		};
		DDUI000000000003 /* Frameworks */ = {
			isa = PBXFrameworksBuildPhase;
			buildActionMask = 2147483647;
			files = (
			);
			runOnlyForDeploymentPostprocessing = 0;
		};
/* End PBXFrameworksBuildPhase section */

/* Begin PBXGroup section */
		EE00000000000001 = {
			isa = PBXGroup;
			children = (
				30E8FA372FD3D66300640EFF /* Products.storekit */,
				EE00000000000002 /* CodeBreaker */,
				EEUI000000000001 /* CodeBreakerUITests */,
				EE00000000000003 /* Products */,
			);
			sourceTree = "<group>";
		};
		EE00000000000002 /* CodeBreaker */ = {
			isa = PBXGroup;
			children = (
				BB00000000000001 /* CodeBreakerApp.swift */,
				BB00000000000002 /* Models.swift */,
				BB00000000000003 /* Theme.swift */,
				BB00000000000004 /* GameViewModel.swift */,
				BB00000000000005 /* HomeView.swift */,
				BB00000000000006 /* GameView.swift */,
				BB00000000000007 /* LevelSelectView.swift */,
				BB00000000000008 /* SoundManager.swift */,
				BB0000000000000A /* SettingsView.swift */,
				BB0000000000000B /* DailyChallengeView.swift */,
				BB0000000000000C /* SplashView.swift */,
				BB0000000000000D /* ThemePicker.swift */,
				BB0000000000000E /* LevelEditorView.swift */,
				BB0000000000000F /* LieModeView.swift */,
				BB00000000000010 /* LieLevelSelectView.swift */,
				BB00000000000011 /* L10n.swift */,
				BB00000000000014 /* TutorialView.swift */,
				BB00000000000015 /* StoreManager.swift */,
				BB00000000000016 /* StoreView.swift */,
				BB00000000000012 /* Localizable.strings */,
				BB00000000000009 /* Assets.xcassets */,
			);
			path = CodeBreaker;
			sourceTree = "<group>";
		};
		EE00000000000003 /* Products */ = {
			isa = PBXGroup;
			children = (
				CC00000000000001 /* CodeBreaker.app */,
				CCUI000000000001 /* CodeBreakerUITests.xctest */,
			);
			name = Products;
			sourceTree = "<group>";
		};
		EEUI000000000001 /* CodeBreakerUITests */ = {
			isa = PBXGroup;
			children = (
				BBUI000000000001 /* CodeBreakerUITests.swift */,
			);
			path = CodeBreakerUITests;
			sourceTree = "<group>";
		};
/* End PBXGroup section */

/* Begin PBXNativeTarget section */
		FF00000000000001 /* CodeBreaker */ = {
			isa = PBXNativeTarget;
			buildConfigurationList = 1100000000000002 /* Build configuration list for PBXNativeTarget "CodeBreaker" */;
			buildPhases = (
				DD00000000000001 /* Sources */,
				DD00000000000002 /* Resources */,
				DD00000000000003 /* Frameworks */,
			);
			buildRules = (
			);
			dependencies = (
			);
			name = CodeBreaker;
			productName = CodeBreaker;
			productReference = CC00000000000001 /* CodeBreaker.app */;
			productType = "com.apple.product-type.application";
		};
		FFUI000000000001 /* CodeBreakerUITests */ = {
			isa = PBXNativeTarget;
			buildConfigurationList = 11UI000000000001 /* Build configuration list for PBXNativeTarget "CodeBreakerUITests" */;
			buildPhases = (
				DDUI000000000001 /* Sources */,
				DDUI000000000003 /* Frameworks */,
			);
			buildRules = (
			);
			dependencies = (
				DDUI000000000004 /* PBXTargetDependency */,
			);
			name = CodeBreakerUITests;
			productName = CodeBreakerUITests;
			productReference = CCUI000000000001 /* CodeBreakerUITests.xctest */;
			productType = "com.apple.product-type.bundle.ui-testing";
		};
/* End PBXNativeTarget section */

/* Begin PBXProject section */
		1200000000000001 /* Project object */ = {
			isa = PBXProject;
			attributes = {
				BuildIndependentTargetsInParallel = 1;
				LastSwiftUpdateCheck = 1540;
				LastUpgradeCheck = 1540;
				TargetAttributes = {
					FF00000000000001 = {
						CreatedOnToolsVersion = 15.4;
					};
					FFUI000000000001 = {
						CreatedOnToolsVersion = 15.4;
						TestTargetID = FF00000000000001;
					};
				};
			};
			buildConfigurationList = 1100000000000001 /* Build configuration list for PBXProject "CodeBreaker" */;
			compatibilityVersion = "Xcode 14.0";
			developmentRegion = "zh-Hans";
			hasScannedForEncodings = 0;
			knownRegions = (
				en,
				"zh-Hans",
				Base,
			);
			mainGroup = EE00000000000001;
			productRefGroup = EE00000000000003 /* Products */;
			projectDirPath = "";
			projectRoot = "";
			targets = (
				FF00000000000001 /* CodeBreaker */,
				FFUI000000000001 /* CodeBreakerUITests */,
			);
		};
/* End PBXProject section */

/* Begin PBXResourcesBuildPhase section */
		DD00000000000002 /* Resources */ = {
			isa = PBXResourcesBuildPhase;
			buildActionMask = 2147483647;
			files = (
				AA00000000000009 /* Assets.xcassets in Resources */,
				AA00000000000012 /* Localizable.strings in Resources */,
			);
			runOnlyForDeploymentPostprocessing = 0;
		};
/* End PBXResourcesBuildPhase section */

/* Begin PBXSourcesBuildPhase section */
		DD00000000000001 /* Sources */ = {
			isa = PBXSourcesBuildPhase;
			buildActionMask = 2147483647;
			files = (
				AA00000000000001 /* CodeBreakerApp.swift in Sources */,
				AA00000000000002 /* Models.swift in Sources */,
				AA00000000000003 /* Theme.swift in Sources */,
				AA00000000000004 /* GameViewModel.swift in Sources */,
				AA00000000000005 /* HomeView.swift in Sources */,
				AA00000000000006 /* GameView.swift in Sources */,
				AA00000000000007 /* LevelSelectView.swift in Sources */,
				AA00000000000008 /* SoundManager.swift in Sources */,
				AA0000000000000A /* SettingsView.swift in Sources */,
				AA0000000000000B /* DailyChallengeView.swift in Sources */,
				AA0000000000000C /* SplashView.swift in Sources */,
				AA0000000000000D /* ThemePicker.swift in Sources */,
				AA0000000000000E /* LevelEditorView.swift in Sources */,
				AA0000000000000F /* LieModeView.swift in Sources */,
				AA00000000000010 /* LieLevelSelectView.swift in Sources */,
				AA00000000000011 /* L10n.swift in Sources */,
				AA00000000000014 /* TutorialView.swift in Sources */,
				AA00000000000015 /* StoreManager.swift in Sources */,
				AA00000000000016 /* StoreView.swift in Sources */,
			);
			runOnlyForDeploymentPostprocessing = 0;
		};
		DDUI000000000001 /* Sources */ = {
			isa = PBXSourcesBuildPhase;
			buildActionMask = 2147483647;
			files = (
				AAUI000000000001 /* CodeBreakerUITests.swift in Sources */,
			);
			runOnlyForDeploymentPostprocessing = 0;
		};
/* End PBXSourcesBuildPhase section */

/* Begin PBXTargetDependency section */
		DDUI000000000004 /* PBXTargetDependency */ = {
			isa = PBXTargetDependency;
			target = FF00000000000001 /* CodeBreaker */;
			targetProxy = PPUI000000000001 /* PBXContainerItemProxy */;
		};
/* End PBXTargetDependency section */

/* Begin XCBuildConfiguration section */
		1300000000000001 /* Debug */ = {
			isa = XCBuildConfiguration;
			buildSettings = {
				ALWAYS_SEARCH_USER_PATHS = NO;
				ASSETCATALOG_COMPILER_GENERATE_SWIFT_ASSET_SYMBOL_EXTENSIONS = YES;
				CLANG_ANALYZER_NONNULL = YES;
				CLANG_CXX_LANGUAGE_STANDARD = "gnu++20";
				CLANG_ENABLE_MODULES = YES;
				CLANG_ENABLE_OBJC_ARC = YES;
				COPY_PHASE_STRIP = NO;
				DEBUG_INFORMATION_FORMAT = dwarf;
				ENABLE_STRICT_OBJC_MSGSEND = YES;
				ENABLE_TESTABILITY = YES;
				ENABLE_USER_SCRIPT_SANDBOXING = YES;
				GCC_C_LANGUAGE_STANDARD = gnu17;
				GCC_DYNAMIC_NO_PIC = NO;
				GCC_NO_COMMON_BLOCKS = YES;
				GCC_OPTIMIZATION_LEVEL = 0;
				GCC_WARN_64_TO_32_BIT_CONVERSION = YES;
				GCC_WARN_ABOUT_RETURN_TYPE = YES_ERROR;
				GCC_WARN_UNDECLARED_SELECTOR = YES;
				GCC_WARN_UNINITIALIZED_AUTOS = YES_AGGRESSIVE;
				GCC_WARN_UNUSED_FUNCTION = YES;
				GCC_WARN_UNUSED_VARIABLE = YES;
				IPHONEOS_DEPLOYMENT_TARGET = 17.0;
				MTL_ENABLE_DEBUG_INFO = INCLUDE_SOURCE;
				MTL_FAST_MATH = YES;
				ONLY_ACTIVE_ARCH = YES;
				SDKROOT = iphoneos;
				SWIFT_ACTIVE_COMPILATION_CONDITIONS = "DEBUG $(inherited)";
				SWIFT_OPTIMIZATION_LEVEL = "-Onone";
			};
			name = Debug;
		};
		1300000000000002 /* Release */ = {
			isa = XCBuildConfiguration;
			buildSettings = {
				ALWAYS_SEARCH_USER_PATHS = NO;
				ASSETCATALOG_COMPILER_GENERATE_SWIFT_ASSET_SYMBOL_EXTENSIONS = YES;
				CLANG_ANALYZER_NONNULL = YES;
				CLANG_CXX_LANGUAGE_STANDARD = "gnu++20";
				CLANG_ENABLE_MODULES = YES;
				CLANG_ENABLE_OBJC_ARC = YES;
				COPY_PHASE_STRIP = NO;
				DEBUG_INFORMATION_FORMAT = "dwarf-with-dsym";
				ENABLE_NS_ASSERTIONS = NO;
				ENABLE_STRICT_OBJC_MSGSEND = YES;
				ENABLE_USER_SCRIPT_SANDBOXING = YES;
				GCC_C_LANGUAGE_STANDARD = gnu17;
				GCC_NO_COMMON_BLOCKS = YES;
				GCC_WARN_64_TO_32_BIT_CONVERSION = YES;
				GCC_WARN_ABOUT_RETURN_TYPE = YES_ERROR;
				GCC_WARN_UNDECLARED_SELECTOR = YES;
				GCC_WARN_UNINITIALIZED_AUTOS = YES_AGGRESSIVE;
				GCC_WARN_UNUSED_FUNCTION = YES;
				GCC_WARN_UNUSED_VARIABLE = YES;
				IPHONEOS_DEPLOYMENT_TARGET = 17.0;
				MTL_ENABLE_DEBUG_INFO = NO;
				MTL_FAST_MATH = YES;
				SDKROOT = iphoneos;
				SWIFT_COMPILATION_MODE = wholemodule;
				VALIDATE_PRODUCT = YES;
			};
			name = Release;
		};
		1300000000000003 /* Debug */ = {
			isa = XCBuildConfiguration;
			buildSettings = {
				ASSETCATALOG_COMPILER_APPICON_NAME = AppIcon;
				ASSETCATALOG_COMPILER_GLOBAL_ACCENT_COLOR_NAME = AccentColor;
				CODE_SIGN_ENTITLEMENTS = CodeBreaker/CodeBreaker.entitlements;
				CODE_SIGN_IDENTITY = "Apple Development";
				CODE_SIGN_STYLE = Automatic;
				CURRENT_PROJECT_VERSION = 1;
				DEVELOPMENT_TEAM = JR6MLGD7C8;
				ENABLE_PREVIEWS = YES;
				GENERATE_INFOPLIST_FILE = YES;
				INFOPLIST_FILE = CodeBreaker/Info.plist;
				INFOPLIST_KEY_CFBundleDisplayName = "Mind Cipher";
				INFOPLIST_KEY_UIApplicationSceneManifest_Generation = YES;
				INFOPLIST_KEY_UIApplicationSupportsIndirectInputEvents = YES;
				INFOPLIST_KEY_UILaunchScreen_Generation = YES;
				INFOPLIST_KEY_UISupportedInterfaceOrientations = UIInterfaceOrientationPortrait;
				LD_RUNPATH_SEARCH_PATHS = (
					"$(inherited)",
					"@executable_path/Frameworks",
				);
				MARKETING_VERSION = 1.0;
				PRODUCT_BUNDLE_IDENTIFIER = "Jason-Wang.CodeBreaker";
				PRODUCT_NAME = "$(TARGET_NAME)";
				PROVISIONING_PROFILE_SPECIFIER = "";
				SUPPORTED_PLATFORMS = "iphoneos iphonesimulator";
				SUPPORTS_MACCATALYST = NO;
				SWIFT_EMIT_LOC_STRINGS = YES;
				SWIFT_VERSION = 5.0;
				TARGETED_DEVICE_FAMILY = 1;
			};
			name = Debug;
		};
		1300000000000004 /* Release */ = {
			isa = XCBuildConfiguration;
			buildSettings = {
				ASSETCATALOG_COMPILER_APPICON_NAME = AppIcon;
				ASSETCATALOG_COMPILER_GLOBAL_ACCENT_COLOR_NAME = AccentColor;
				CODE_SIGN_ENTITLEMENTS = CodeBreaker/CodeBreaker.entitlements;
				CODE_SIGN_IDENTITY = "Apple Development";
				CODE_SIGN_STYLE = Automatic;
				CURRENT_PROJECT_VERSION = 1;
				DEVELOPMENT_TEAM = JR6MLGD7C8;
				ENABLE_PREVIEWS = YES;
				GENERATE_INFOPLIST_FILE = YES;
				INFOPLIST_FILE = CodeBreaker/Info.plist;
				INFOPLIST_KEY_CFBundleDisplayName = "Mind Cipher";
				INFOPLIST_KEY_UIApplicationSceneManifest_Generation = YES;
				INFOPLIST_KEY_UIApplicationSupportsIndirectInputEvents = YES;
				INFOPLIST_KEY_UILaunchScreen_Generation = YES;
				INFOPLIST_KEY_UISupportedInterfaceOrientations = UIInterfaceOrientationPortrait;
				LD_RUNPATH_SEARCH_PATHS = (
					"$(inherited)",
					"@executable_path/Frameworks",
				);
				MARKETING_VERSION = 1.0;
				PRODUCT_BUNDLE_IDENTIFIER = "Jason-Wang.CodeBreaker";
				PRODUCT_NAME = "$(TARGET_NAME)";
				PROVISIONING_PROFILE_SPECIFIER = "";
				SUPPORTED_PLATFORMS = "iphoneos iphonesimulator";
				SUPPORTS_MACCATALYST = NO;
				SWIFT_EMIT_LOC_STRINGS = YES;
				SWIFT_VERSION = 5.0;
				TARGETED_DEVICE_FAMILY = 1;
			};
			name = Release;
		};
		13UI000000000001 /* Debug */ = {
			isa = XCBuildConfiguration;
			buildSettings = {
				CODE_SIGN_STYLE = Automatic;
				CURRENT_PROJECT_VERSION = 1;
				DEVELOPMENT_TEAM = JR6MLGD7C8;
				GENERATE_INFOPLIST_FILE = YES;
				IPHONEOS_DEPLOYMENT_TARGET = 17.0;
				MARKETING_VERSION = 1.0;
				PRODUCT_BUNDLE_IDENTIFIER = com.codebreaker.app.uitests;
				PRODUCT_NAME = "$(TARGET_NAME)";
				SUPPORTED_PLATFORMS = "iphoneos iphonesimulator";
				SWIFT_EMIT_LOC_STRINGS = NO;
				SWIFT_VERSION = 5.0;
				TARGETED_DEVICE_FAMILY = 1;
				TEST_TARGET_NAME = CodeBreaker;
			};
			name = Debug;
		};
		13UI000000000002 /* Release */ = {
			isa = XCBuildConfiguration;
			buildSettings = {
				CODE_SIGN_STYLE = Automatic;
				CURRENT_PROJECT_VERSION = 1;
				DEVELOPMENT_TEAM = JR6MLGD7C8;
				GENERATE_INFOPLIST_FILE = YES;
				IPHONEOS_DEPLOYMENT_TARGET = 17.0;
				MARKETING_VERSION = 1.0;
				PRODUCT_BUNDLE_IDENTIFIER = com.codebreaker.app.uitests;
				PRODUCT_NAME = "$(TARGET_NAME)";
				SUPPORTED_PLATFORMS = "iphoneos iphonesimulator";
				SWIFT_EMIT_LOC_STRINGS = NO;
				SWIFT_VERSION = 5.0;
				TARGETED_DEVICE_FAMILY = 1;
				TEST_TARGET_NAME = CodeBreaker;
			};
			name = Release;
		};
/* End XCBuildConfiguration section */

/* Begin XCConfigurationList section */
		1100000000000001 /* Build configuration list for PBXProject "CodeBreaker" */ = {
			isa = XCConfigurationList;
			buildConfigurations = (
				1300000000000001 /* Debug */,
				1300000000000002 /* Release */,
			);
			defaultConfigurationIsVisible = 0;
			defaultConfigurationName = Release;
		};
		1100000000000002 /* Build configuration list for PBXNativeTarget "CodeBreaker" */ = {
			isa = XCConfigurationList;
			buildConfigurations = (
				1300000000000003 /* Debug */,
				1300000000000004 /* Release */,
			);
			defaultConfigurationIsVisible = 0;
			defaultConfigurationName = Release;
		};
		11UI000000000001 /* Build configuration list for PBXNativeTarget "CodeBreakerUITests" */ = {
			isa = XCConfigurationList;
			buildConfigurations = (
				13UI000000000001 /* Debug */,
				13UI000000000002 /* Release */,
			);
			defaultConfigurationIsVisible = 0;
			defaultConfigurationName = Release;
		};
/* End XCConfigurationList section */
	};
	rootObject = 1200000000000001 /* Project object */;
}
